// !$*UTF8*$!
{
	archiveVersion = 1;
	classes = {
	};
	objectVersion = 56;
	objects = {

/* Begin PBXBuildFile section */
		F1499A2E2C5E6709005D8109 /* GoogleService-Info.plist in Resources */ = {isa = PBXBuildFile; fileRef = F1499A2D2C5E6709005D8109 /* GoogleService-Info.plist */; };
		F1499A312C5E68A8005D8109 /* FirebaseFirestore in Frameworks */ = {isa = PBXBuildFile; productRef = F1499A302C5E68A8005D8109 /* FirebaseFirestore */; };
		F1499A332C5E68A8005D8109 /* FirebaseStorage in Frameworks */ = {isa = PBXBuildFile; productRef = F1499A322C5E68A8005D8109 /* FirebaseStorage */; };
		F17B1FCE2C5BC71D00CD6C23 /* QuoteBookApp.swift in Sources */ = {isa = PBXBuildFile; fileRef = F17B1FCD2C5BC71D00CD6C23 /* QuoteBookApp.swift */; };
		F17B1FD22C5BC71F00CD6C23 /* Assets.xcassets in Resources */ = {isa = PBXBuildFile; fileRef = F17B1FD12C5BC71F00CD6C23 /* Assets.xcassets */; };
		F17B1FD52C5BC71F00CD6C23 /* Preview Assets.xcassets in Resources */ = {isa = PBXBuildFile; fileRef = F17B1FD42C5BC71F00CD6C23 /* Preview Assets.xcassets */; };
		F17B1FE22C5BCE0700CD6C23 /* CommentContainerView.swift in Sources */ = {isa = PBXBuildFile; fileRef = F17B1FE02C5BCE0700CD6C23 /* CommentContainerView.swift */; };
		F17B1FE32C5BCE0700CD6C23 /* HumanCircleView.swift in Sources */ = {isa = PBXBuildFile; fileRef = F17B1FE12C5BCE0700CD6C23 /* HumanCircleView.swift */; };
		F17B1FE52C5BCE1A00CD6C23 /* CustomScrollAnimationModifier.swift in Sources */ = {isa = PBXBuildFile; fileRef = F17B1FE42C5BCE1A00CD6C23 /* CustomScrollAnimationModifier.swift */; };
		F17B1FE72C5BCE2900CD6C23 /* HumanViewModel.swift in Sources */ = {isa = PBXBuildFile; fileRef = F17B1FE62C5BCE2900CD6C23 /* HumanViewModel.swift */; };
		F17B1FEE2C5BCE3800CD6C23 /* PeopleListView.swift in Sources */ = {isa = PBXBuildFile; fileRef = F17B1FE82C5BCE3700CD6C23 /* PeopleListView.swift */; };
		F17B1FEF2C5BCE3800CD6C23 /* MainScreen.swift in Sources */ = {isa = PBXBuildFile; fileRef = F17B1FE92C5BCE3700CD6C23 /* MainScreen.swift */; };
		F17B1FF02C5BCE3800CD6C23 /* RandomCommentView.swift in Sources */ = {isa = PBXBuildFile; fileRef = F17B1FEA2C5BCE3700CD6C23 /* RandomCommentView.swift */; };
		F17B1FF12C5BCE3800CD6C23 /* CommentView.swift in Sources */ = {isa = PBXBuildFile; fileRef = F17B1FEB2C5BCE3700CD6C23 /* CommentView.swift */; };
		F17B1FF22C5BCE3800CD6C23 /* SplashScreenView.swift in Sources */ = {isa = PBXBuildFile; fileRef = F17B1FEC2C5BCE3800CD6C23 /* SplashScreenView.swift */; };
		F17B1FF62C5BCE5D00CD6C23 /* HumanModel.swift in Sources */ = {isa = PBXBuildFile; fileRef = F17B1FF52C5BCE5D00CD6C23 /* HumanModel.swift */; };
		F17B1FF82C5BCE6400CD6C23 /* Data.swift in Sources */ = {isa = PBXBuildFile; fileRef = F17B1FF72C5BCE6400CD6C23 /* Data.swift */; };
		F17B1FFA2C5BF5AC00CD6C23 /* BiographyView.swift in Sources */ = {isa = PBXBuildFile; fileRef = F17B1FF92C5BF5AC00CD6C23 /* BiographyView.swift */; };
/* End PBXBuildFile section */

/* Begin PBXFileReference section */
		F1499A2D2C5E6709005D8109 /* GoogleService-Info.plist */ = {isa = PBXFileReference; fileEncoding = 4; lastKnownFileType = text.plist.xml; path = "GoogleService-Info.plist"; sourceTree = "<group>"; };
		F17B1FCA2C5BC71D00CD6C23 /* QuoteBook.app */ = {isa = PBXFileReference; explicitFileType = wrapper.application; includeInIndex = 0; path = QuoteBook.app; sourceTree = BUILT_PRODUCTS_DIR; };
		F17B1FCD2C5BC71D00CD6C23 /* QuoteBookApp.swift */ = {isa = PBXFileReference; lastKnownFileType = sourcecode.swift; path = QuoteBookApp.swift; sourceTree = "<group>"; };
		F17B1FD12C5BC71F00CD6C23 /* Assets.xcassets */ = {isa = PBXFileReference; lastKnownFileType = folder.assetcatalog; path = Assets.xcassets; sourceTree = "<group>"; };
		F17B1FD42C5BC71F00CD6C23 /* Preview Assets.xcassets */ = {isa = PBXFileReference; lastKnownFileType = folder.assetcatalog; path = "Preview Assets.xcassets"; sourceTree = "<group>"; };
		F17B1FE02C5BCE0700CD6C23 /* CommentContainerView.swift */ = {isa = PBXFileReference; fileEncoding = 4; lastKnownFileType = sourcecode.swift; path = CommentContainerView.swift; sourceTree = "<group>"; };
		F17B1FE12C5BCE0700CD6C23 /* HumanCircleView.swift */ = {isa = PBXFileReference; fileEncoding = 4; lastKnownFileType = sourcecode.swift; path = HumanCircleView.swift; sourceTree = "<group>"; };
		F17B1FE42C5BCE1A00CD6C23 /* CustomScrollAnimationModifier.swift */ = {isa = PBXFileReference; fileEncoding = 4; lastKnownFileType = sourcecode.swift; path = CustomScrollAnimationModifier.swift; sourceTree = "<group>"; };
		F17B1FE62C5BCE2900CD6C23 /* HumanViewModel.swift */ = {isa = PBXFileReference; fileEncoding = 4; lastKnownFileType = sourcecode.swift; path = HumanViewModel.swift; sourceTree = "<group>"; };
		F17B1FE82C5BCE3700CD6C23 /* PeopleListView.swift */ = {isa = PBXFileReference; fileEncoding = 4; lastKnownFileType = sourcecode.swift; path = PeopleListView.swift; sourceTree = "<group>"; };
		F17B1FE92C5BCE3700CD6C23 /* MainScreen.swift */ = {isa = PBXFileReference; fileEncoding = 4; lastKnownFileType = sourcecode.swift; path = MainScreen.swift; sourceTree = "<group>"; };
		F17B1FEA2C5BCE3700CD6C23 /* RandomCommentView.swift */ = {isa = PBXFileReference; fileEncoding = 4; lastKnownFileType = sourcecode.swift; path = RandomCommentView.swift; sourceTree = "<group>"; };
		F17B1FEB2C5BCE3700CD6C23 /* CommentView.swift */ = {isa = PBXFileReference; fileEncoding = 4; lastKnownFileType = sourcecode.swift; path = CommentView.swift; sourceTree = "<group>"; };
		F17B1FEC2C5BCE3800CD6C23 /* SplashScreenView.swift */ = {isa = PBXFileReference; fileEncoding = 4; lastKnownFileType = sourcecode.swift; path = SplashScreenView.swift; sourceTree = "<group>"; };
		F17B1FF52C5BCE5D00CD6C23 /* HumanModel.swift */ = {isa = PBXFileReference; fileEncoding = 4; lastKnownFileType = sourcecode.swift; path = HumanModel.swift; sourceTree = "<group>"; };
		F17B1FF72C5BCE6400CD6C23 /* Data.swift */ = {isa = PBXFileReference; fileEncoding = 4; lastKnownFileType = sourcecode.swift; path = Data.swift; sourceTree = "<group>"; };
		F17B1FF92C5BF5AC00CD6C23 /* BiographyView.swift */ = {isa = PBXFileReference; lastKnownFileType = sourcecode.swift; path = BiographyView.swift; sourceTree = "<group>"; };
/* End PBXFileReference section */

/* Begin PBXFrameworksBuildPhase section */
		F17B1FC72C5BC71D00CD6C23 /* Frameworks */ = {
			isa = PBXFrameworksBuildPhase;
			buildActionMask = 2147483647;
			files = (
				F1499A312C5E68A8005D8109 /* FirebaseFirestore in Frameworks */,
				F1499A332C5E68A8005D8109 /* FirebaseStorage in Frameworks */,
			);
			runOnlyForDeploymentPostprocessing = 0;
		};
/* End PBXFrameworksBuildPhase section */

/* Begin PBXGroup section */
		F17B1FC12C5BC71D00CD6C23 = {
			isa = PBXGroup;
			children = (
				F17B1FCC2C5BC71D00CD6C23 /* QuoteBook */,
				F17B1FCB2C5BC71D00CD6C23 /* Products */,
			);
			sourceTree = "<group>";
		};
		F17B1FCB2C5BC71D00CD6C23 /* Products */ = {
			isa = PBXGroup;
			children = (
				F17B1FCA2C5BC71D00CD6C23 /* QuoteBook.app */,
			);
			name = Products;
			sourceTree = "<group>";
		};
		F17B1FCC2C5BC71D00CD6C23 /* QuoteBook */ = {
			isa = PBXGroup;
			children = (
				F1499A2D2C5E6709005D8109 /* GoogleService-Info.plist */,
				F17B1FCD2C5BC71D00CD6C23 /* QuoteBookApp.swift */,
				F17B1FF42C5BCE4F00CD6C23 /* Model */,
				F17B1FDF2C5BCDED00CD6C23 /* SubViews */,
				F17B1FDD2C5BCA5D00CD6C23 /* ViewModels */,
				F17B1FDC2C5BCA3800CD6C23 /* ViewModifiers */,
				F17B1FDB2C5BCA2100CD6C23 /* Views */,
				F17B1FD12C5BC71F00CD6C23 /* Assets.xcassets */,
				F17B1FD32C5BC71F00CD6C23 /* Preview Content */,
			);
			path = QuoteBook;
			sourceTree = "<group>";
		};
		F17B1FD32C5BC71F00CD6C23 /* Preview Content */ = {
			isa = PBXGroup;
			children = (
				F17B1FD42C5BC71F00CD6C23 /* Preview Assets.xcassets */,
			);
			path = "Preview Content";
			sourceTree = "<group>";
		};
		F17B1FDB2C5BCA2100CD6C23 /* Views */ = {
			isa = PBXGroup;
			children = (
				F17B1FE92C5BCE3700CD6C23 /* MainScreen.swift */,
				F17B1FE82C5BCE3700CD6C23 /* PeopleListView.swift */,
				F17B1FEB2C5BCE3700CD6C23 /* CommentView.swift */,
				F17B1FF92C5BF5AC00CD6C23 /* BiographyView.swift */,
				F17B1FEA2C5BCE3700CD6C23 /* RandomCommentView.swift */,
				F17B1FEC2C5BCE3800CD6C23 /* SplashScreenView.swift */,
			);
			path = Views;
			sourceTree = "<group>";
		};
		F17B1FDC2C5BCA3800CD6C23 /* ViewModifiers */ = {
			isa = PBXGroup;
			children = (
				F17B1FE42C5BCE1A00CD6C23 /* CustomScrollAnimationModifier.swift */,
			);
			path = ViewModifiers;
			sourceTree = "<group>";
		};
		F17B1FDD2C5BCA5D00CD6C23 /* ViewModels */ = {
			isa = PBXGroup;
			children = (
				F17B1FE62C5BCE2900CD6C23 /* HumanViewModel.swift */,
			);
			path = ViewModels;
			sourceTree = "<group>";
		};
		F17B1FDF2C5BCDED00CD6C23 /* SubViews */ = {
			isa = PBXGroup;
			children = (
				F17B1FE02C5BCE0700CD6C23 /* CommentContainerView.swift */,
				F17B1FE12C5BCE0700CD6C23 /* HumanCircleView.swift */,
			);
			path = SubViews;
			sourceTree = "<group>";
		};
		F17B1FF42C5BCE4F00CD6C23 /* Model */ = {
			isa = PBXGroup;
			children = (
				F17B1FF72C5BCE6400CD6C23 /* Data.swift */,
				F17B1FF52C5BCE5D00CD6C23 /* HumanModel.swift */,
			);
			path = Model;
			sourceTree = "<group>";
		};
/* End PBXGroup section */

/* Begin PBXNativeTarget section */
		F17B1FC92C5BC71D00CD6C23 /* QuoteBook */ = {
			isa = PBXNativeTarget;
			buildConfigurationList = F17B1FD82C5BC71F00CD6C23 /* Build configuration list for PBXNativeTarget "QuoteBook" */;
			buildPhases = (
				F17B1FC62C5BC71D00CD6C23 /* Sources */,
				F17B1FC72C5BC71D00CD6C23 /* Frameworks */,
				F17B1FC82C5BC71D00CD6C23 /* Resources */,
			);
			buildRules = (
			);
			dependencies = (
			);
			name = QuoteBook;
			packageProductDependencies = (
				F1499A302C5E68A8005D8109 /* FirebaseFirestore */,
				F1499A322C5E68A8005D8109 /* FirebaseStorage */,
			);
			productName = QuoteBook;
			productReference = F17B1FCA2C5BC71D00CD6C23 /* QuoteBook.app */;
			productType = "com.apple.product-type.application";
		};
/* End PBXNativeTarget section */

/* Begin PBXProject section */
		F17B1FC22C5BC71D00CD6C23 /* Project object */ = {
			isa = PBXProject;
			attributes = {
				BuildIndependentTargetsInParallel = 1;
				LastSwiftUpdateCheck = 1540;
				LastUpgradeCheck = 1540;
				TargetAttributes = {
					F17B1FC92C5BC71D00CD6C23 = {
						CreatedOnToolsVersion = 15.4;
					};
				};
			};
			buildConfigurationList = F17B1FC52C5BC71D00CD6C23 /* Build configuration list for PBXProject "QuoteBook" */;
			compatibilityVersion = "Xcode 14.0";
			developmentRegion = en;
			hasScannedForEncodings = 0;
			knownRegions = (
				en,
				Base,
			);
			mainGroup = F17B1FC12C5BC71D00CD6C23;
			packageReferences = (
				F1499A2F2C5E68A8005D8109 /* XCRemoteSwiftPackageReference "firebase-ios-sdk" */,
			);
			productRefGroup = F17B1FCB2C5BC71D00CD6C23 /* Products */;
			projectDirPath = "";
			projectRoot = "";
			targets = (
				F17B1FC92C5BC71D00CD6C23 /* QuoteBook */,
			);
		};
/* End PBXProject section */

/* Begin PBXResourcesBuildPhase section */
		F17B1FC82C5BC71D00CD6C23 /* Resources */ = {
			isa = PBXResourcesBuildPhase;
			buildActionMask = 2147483647;
			files = (
				F17B1FD52C5BC71F00CD6C23 /* Preview Assets.xcassets in Resources */,
				F17B1FD22C5BC71F00CD6C23 /* Assets.xcassets in Resources */,
				F1499A2E2C5E6709005D8109 /* GoogleService-Info.plist in Resources */,
			);
			runOnlyForDeploymentPostprocessing = 0;
		};
/* End PBXResourcesBuildPhase section */

/* Begin PBXSourcesBuildPhase section */
		F17B1FC62C5BC71D00CD6C23 /* Sources */ = {
			isa = PBXSourcesBuildPhase;
			buildActionMask = 2147483647;
			files = (
				F17B1FEF2C5BCE3800CD6C23 /* MainScreen.swift in Sources */,
				F17B1FEE2C5BCE3800CD6C23 /* PeopleListView.swift in Sources */,
				F17B1FE22C5BCE0700CD6C23 /* CommentContainerView.swift in Sources */,
				F17B1FFA2C5BF5AC00CD6C23 /* BiographyView.swift in Sources */,
				F17B1FF22C5BCE3800CD6C23 /* SplashScreenView.swift in Sources */,
				F17B1FF62C5BCE5D00CD6C23 /* HumanModel.swift in Sources */,
				F17B1FE72C5BCE2900CD6C23 /* HumanViewModel.swift in Sources */,
				F17B1FE52C5BCE1A00CD6C23 /* CustomScrollAnimationModifier.swift in Sources */,
				F17B1FF82C5BCE6400CD6C23 /* Data.swift in Sources */,
				F17B1FE32C5BCE0700CD6C23 /* HumanCircleView.swift in Sources */,
				F17B1FF02C5BCE3800CD6C23 /* RandomCommentView.swift in Sources */,
				F17B1FF12C5BCE3800CD6C23 /* CommentView.swift in Sources */,
				F17B1FCE2C5BC71D00CD6C23 /* QuoteBookApp.swift in Sources */,
			);
			runOnlyForDeploymentPostprocessing = 0;
		};
/* End PBXSourcesBuildPhase section */

/* Begin XCBuildConfiguration section */
		F17B1FD62C5BC71F00CD6C23 /* Debug */ = {
			isa = XCBuildConfiguration;
			buildSettings = {
				ALWAYS_SEARCH_USER_PATHS = NO;
				ASSETCATALOG_COMPILER_GENERATE_SWIFT_ASSET_SYMBOL_EXTENSIONS = YES;
				CLANG_ANALYZER_NONNULL = YES;
				CLANG_ANALYZER_NUMBER_OBJECT_CONVERSION = YES_AGGRESSIVE;
				CLANG_CXX_LANGUAGE_STANDARD = "gnu++20";
				CLANG_ENABLE_MODULES = YES;
				CLANG_ENABLE_OBJC_ARC = YES;
				CLANG_ENABLE_OBJC_WEAK = YES;
				CLANG_WARN_BLOCK_CAPTURE_AUTORELEASING = YES;
				CLANG_WARN_BOOL_CONVERSION = YES;
				CLANG_WARN_COMMA = YES;
				CLANG_WARN_CONSTANT_CONVERSION = YES;
				CLANG_WARN_DEPRECATED_OBJC_IMPLEMENTATIONS = YES;
				CLANG_WARN_DIRECT_OBJC_ISA_USAGE = YES_ERROR;
				CLANG_WARN_DOCUMENTATION_COMMENTS = YES;
				CLANG_WARN_EMPTY_BODY = YES;
				CLANG_WARN_ENUM_CONVERSION = YES;
				CLANG_WARN_INFINITE_RECURSION = YES;
				CLANG_WARN_INT_CONVERSION = YES;
				CLANG_WARN_NON_LITERAL_NULL_CONVERSION = YES;
				CLANG_WARN_OBJC_IMPLICIT_RETAIN_SELF = YES;
				CLANG_WARN_OBJC_LITERAL_CONVERSION = YES;
				CLANG_WARN_OBJC_ROOT_CLASS = YES_ERROR;
				CLANG_WARN_QUOTED_INCLUDE_IN_FRAMEWORK_HEADER = YES;
				CLANG_WARN_RANGE_LOOP_ANALYSIS = YES;
				CLANG_WARN_STRICT_PROTOTYPES = YES;
				CLANG_WARN_SUSPICIOUS_MOVE = YES;
				CLANG_WARN_UNGUARDED_AVAILABILITY = YES_AGGRESSIVE;
				CLANG_WARN_UNREACHABLE_CODE = YES;
				CLANG_WARN__DUPLICATE_METHOD_MATCH = YES;
				COPY_PHASE_STRIP = NO;
				DEBUG_INFORMATION_FORMAT = dwarf;
				ENABLE_STRICT_OBJC_MSGSEND = YES;
				ENABLE_TESTABILITY = YES;
				ENABLE_USER_SCRIPT_SANDBOXING = YES;
				GCC_C_LANGUAGE_STANDARD = gnu17;
				GCC_DYNAMIC_NO_PIC = NO;
				GCC_NO_COMMON_BLOCKS = YES;
				GCC_OPTIMIZATION_LEVEL = 0;
				GCC_PREPROCESSOR_DEFINITIONS = (
					"DEBUG=1",
					"$(inherited)",
				);
				GCC_WARN_64_TO_32_BIT_CONVERSION = YES;
				GCC_WARN_ABOUT_RETURN_TYPE = YES_ERROR;
				GCC_WARN_UNDECLARED_SELECTOR = YES;
				GCC_WARN_UNINITIALIZED_AUTOS = YES_AGGRESSIVE;
				GCC_WARN_UNUSED_FUNCTION = YES;
				GCC_WARN_UNUSED_VARIABLE = YES;
				IPHONEOS_DEPLOYMENT_TARGET = 17.0;
				LOCALIZATION_PREFERS_STRING_CATALOGS = YES;
				MTL_ENABLE_DEBUG_INFO = INCLUDE_SOURCE;
				MTL_FAST_MATH = YES;
				ONLY_ACTIVE_ARCH = YES;
				SDKROOT = iphoneos;
				SWIFT_ACTIVE_COMPILATION_CONDITIONS = "DEBUG $(inherited)";
				SWIFT_OPTIMIZATION_LEVEL = "-Onone";
			};
			name = Debug;
		};
		F17B1FD72C5BC71F00CD6C23 /* Release */ = {
			isa = XCBuildConfiguration;
			buildSettings = {
				ALWAYS_SEARCH_USER_PATHS = NO;
				ASSETCATALOG_COMPILER_GENERATE_SWIFT_ASSET_SYMBOL_EXTENSIONS = YES;
				CLANG_ANALYZER_NONNULL = YES;
				CLANG_ANALYZER_NUMBER_OBJECT_CONVERSION = YES_AGGRESSIVE;
				CLANG_CXX_LANGUAGE_STANDARD = "gnu++20";
				CLANG_ENABLE_MODULES = YES;
				CLANG_ENABLE_OBJC_ARC = YES;
				CLANG_ENABLE_OBJC_WEAK = YES;
				CLANG_WARN_BLOCK_CAPTURE_AUTORELEASING = YES;
				CLANG_WARN_BOOL_CONVERSION = YES;
				CLANG_WARN_COMMA = YES;
				CLANG_WARN_CONSTANT_CONVERSION = YES;
				CLANG_WARN_DEPRECATED_OBJC_IMPLEMENTATIONS = YES;
				CLANG_WARN_DIRECT_OBJC_ISA_USAGE = YES_ERROR;
				CLANG_WARN_DOCUMENTATION_COMMENTS = YES;
				CLANG_WARN_EMPTY_BODY = YES;
				CLANG_WARN_ENUM_CONVERSION = YES;
				CLANG_WARN_INFINITE_RECURSION = YES;
				CLANG_WARN_INT_CONVERSION = YES;
				CLANG_WARN_NON_LITERAL_NULL_CONVERSION = YES;
				CLANG_WARN_OBJC_IMPLICIT_RETAIN_SELF = YES;
				CLANG_WARN_OBJC_LITERAL_CONVERSION = YES;
				CLANG_WARN_OBJC_ROOT_CLASS = YES_ERROR;
				CLANG_WARN_QUOTED_INCLUDE_IN_FRAMEWORK_HEADER = YES;
				CLANG_WARN_RANGE_LOOP_ANALYSIS = YES;
				CLANG_WARN_STRICT_PROTOTYPES = YES;
				CLANG_WARN_SUSPICIOUS_MOVE = YES;
				CLANG_WARN_UNGUARDED_AVAILABILITY = YES_AGGRESSIVE;
				CLANG_WARN_UNREACHABLE_CODE = YES;
				CLANG_WARN__DUPLICATE_METHOD_MATCH = YES;
				COPY_PHASE_STRIP = NO;
				DEBUG_INFORMATION_FORMAT = "dwarf-with-dsym";
				ENABLE_NS_ASSERTIONS = NO;
				ENABLE_STRICT_OBJC_MSGSEND = YES;
				ENABLE_USER_SCRIPT_SANDBOXING = YES;
				GCC_C_LANGUAGE_STANDARD = gnu17;
				GCC_NO_COMMON_BLOCKS = YES;
				GCC_WARN_64_TO_32_BIT_CONVERSION = YES;
				GCC_WARN_ABOUT_RETURN_TYPE = YES_ERROR;
				GCC_WARN_UNDECLARED_SELECTOR = YES;
				GCC_WARN_UNINITIALIZED_AUTOS = YES_AGGRESSIVE;
				GCC_WARN_UNUSED_FUNCTION = YES;
				GCC_WARN_UNUSED_VARIABLE = YES;
				IPHONEOS_DEPLOYMENT_TARGET = 17.0;
				LOCALIZATION_PREFERS_STRING_CATALOGS = YES;
				MTL_ENABLE_DEBUG_INFO = NO;
				MTL_FAST_MATH = YES;
				SDKROOT = iphoneos;
				SWIFT_COMPILATION_MODE = wholemodule;
				VALIDATE_PRODUCT = YES;
			};
			name = Release;
		};
		F17B1FD92C5BC71F00CD6C23 /* Debug */ = {
			isa = XCBuildConfiguration;
			buildSettings = {
				ASSETCATALOG_COMPILER_APPICON_NAME = AppIcon;
				ASSETCATALOG_COMPILER_GLOBAL_ACCENT_COLOR_NAME = AccentColor;
				CODE_SIGN_STYLE = Automatic;
				CURRENT_PROJECT_VERSION = 1;
				DEVELOPMENT_ASSET_PATHS = "\"QuoteBook/Preview Content\"";
				DEVELOPMENT_TEAM = 2H87DYH58M;
				ENABLE_PREVIEWS = YES;
				GENERATE_INFOPLIST_FILE = YES;
				INFOPLIST_KEY_UIApplicationSceneManifest_Generation = YES;
				INFOPLIST_KEY_UIApplicationSupportsIndirectInputEvents = YES;
				INFOPLIST_KEY_UILaunchScreen_Generation = YES;
				INFOPLIST_KEY_UISupportedInterfaceOrientations = UIInterfaceOrientationPortrait;
				INFOPLIST_KEY_UISupportedInterfaceOrientations_iPad = "UIInterfaceOrientationLandscapeLeft UIInterfaceOrientationLandscapeRight UIInterfaceOrientationPortrait UIInterfaceOrientationPortraitUpsideDown";
				IPHONEOS_DEPLOYMENT_TARGET = 17.0;
				LD_RUNPATH_SEARCH_PATHS = (
					"$(inherited)",
					"@executable_path/Frameworks",
				);
				MARKETING_VERSION = 1.0;
				PRODUCT_BUNDLE_IDENTIFIER = tabievadam.QuoteBook;
				PRODUCT_NAME = "$(TARGET_NAME)";
				SUPPORTED_PLATFORMS = "iphoneos iphonesimulator";
				SUPPORTS_MACCATALYST = NO;
				SUPPORTS_MAC_DESIGNED_FOR_IPHONE_IPAD = NO;
				SUPPORTS_XR_DESIGNED_FOR_IPHONE_IPAD = NO;
				SWIFT_EMIT_LOC_STRINGS = YES;
				SWIFT_VERSION = 5.0;
				TARGETED_DEVICE_FAMILY = 1;
			};
			name = Debug;
		};
		F17B1FDA2C5BC71F00CD6C23 /* Release */ = {
			isa = XCBuildConfiguration;
			buildSettings = {
				ASSETCATALOG_COMPILER_APPICON_NAME = AppIcon;
				ASSETCATALOG_COMPILER_GLOBAL_ACCENT_COLOR_NAME = AccentColor;
				CODE_SIGN_STYLE = Automatic;
				CURRENT_PROJECT_VERSION = 1;
				DEVELOPMENT_ASSET_PATHS = "\"QuoteBook/Preview Content\"";
				DEVELOPMENT_TEAM = 2H87DYH58M;
				ENABLE_PREVIEWS = YES;
				GENERATE_INFOPLIST_FILE = YES;
				INFOPLIST_KEY_UIApplicationSceneManifest_Generation = YES;
				INFOPLIST_KEY_UIApplicationSupportsIndirectInputEvents = YES;
				INFOPLIST_KEY_UILaunchScreen_Generation = YES;
				INFOPLIST_KEY_UISupportedInterfaceOrientations = UIInterfaceOrientationPortrait;
				INFOPLIST_KEY_UISupportedInterfaceOrientations_iPad = "UIInterfaceOrientationLandscapeLeft UIInterfaceOrientationLandscapeRight UIInterfaceOrientationPortrait UIInterfaceOrientationPortraitUpsideDown";
				IPHONEOS_DEPLOYMENT_TARGET = 17.0;
				LD_RUNPATH_SEARCH_PATHS = (
					"$(inherited)",
					"@executable_path/Frameworks",
				);
				MARKETING_VERSION = 1.0;
				PRODUCT_BUNDLE_IDENTIFIER = tabievadam.QuoteBook;
				PRODUCT_NAME = "$(TARGET_NAME)";
				SUPPORTED_PLATFORMS = "iphoneos iphonesimulator";
				SUPPORTS_MACCATALYST = NO;
				SUPPORTS_MAC_DESIGNED_FOR_IPHONE_IPAD = NO;
				SUPPORTS_XR_DESIGNED_FOR_IPHONE_IPAD = NO;
				SWIFT_EMIT_LOC_STRINGS = YES;
				SWIFT_VERSION = 5.0;
				TARGETED_DEVICE_FAMILY = 1;
			};
			name = Release;
		};
/* End XCBuildConfiguration section */

/* Begin XCConfigurationList section */
		F17B1FC52C5BC71D00CD6C23 /* Build configuration list for PBXProject "QuoteBook" */ = {
			isa = XCConfigurationList;
			buildConfigurations = (
				F17B1FD62C5BC71F00CD6C23 /* Debug */,
				F17B1FD72C5BC71F00CD6C23 /* Release */,
			);
			defaultConfigurationIsVisible = 0;
			defaultConfigurationName = Release;
		};
		F17B1FD82C5BC71F00CD6C23 /* Build configuration list for PBXNativeTarget "QuoteBook" */ = {
			isa = XCConfigurationList;
			buildConfigurations = (
				F17B1FD92C5BC71F00CD6C23 /* Debug */,
				F17B1FDA2C5BC71F00CD6C23 /* Release */,
			);
			defaultConfigurationIsVisible = 0;
			defaultConfigurationName = Release;
		};
/* End XCConfigurationList section */

/* Begin XCRemoteSwiftPackageReference section */
		F1499A2F2C5E68A8005D8109 /* XCRemoteSwiftPackageReference "firebase-ios-sdk" */ = {
			isa = XCRemoteSwiftPackageReference;
			repositoryURL = "https://github.com/firebase/firebase-ios-sdk.git";
			requirement = {
				kind = upToNextMajorVersion;
				minimumVersion = 11.0.0;
			};
		};
/* End XCRemoteSwiftPackageReference section */

/* Begin XCSwiftPackageProductDependency section */
		F1499A302C5E68A8005D8109 /* FirebaseFirestore */ = {
			isa = XCSwiftPackageProductDependency;
			package = F1499A2F2C5E68A8005D8109 /* XCRemoteSwiftPackageReference "firebase-ios-sdk" */;
			productName = FirebaseFirestore;
		};
		F1499A322C5E68A8005D8109 /* FirebaseStorage */ = {
			isa = XCSwiftPackageProductDependency;
			package = F1499A2F2C5E68A8005D8109 /* XCRemoteSwiftPackageReference "firebase-ios-sdk" */;
			productName = FirebaseStorage;
		};
/* End XCSwiftPackageProductDependency section */
	};
	rootObject = F17B1FC22C5BC71D00CD6C23 /* Project object */;
}
